
Microsoft Visual Studio Solution File, Format Version 12.00
Project("{FAE04EC0-301F-11D3-BF4B-00C04F79EFBC}") = "RestaurantReservation", "RestaurantReservation\RestaurantReservation.csproj", "{3AFE2BAF-EABE-4F89-9B80-327126885396}"
EndProject
Project("{FAE04EC0-301F-11D3-BF4B-00C04F79EFBC}") = "RestaurantReservation.DB", "RestaurantReservation.DB\RestaurantReservation.DB.csproj", "{4D9E57B8-4FE8-4F0F-8E67-BD7B048BF1C6}"
EndProject
Global
	GlobalSection(SolutionConfigurationPlatforms) = preSolution
		Debug|Any CPU = Debug|Any CPU
		Release|Any CPU = Release|Any CPU
	EndGlobalSection
	GlobalSection(ProjectConfigurationPlatforms) = postSolution
		{3AFE2BAF-EABE-4F89-9B80-327126885396}.Debug|Any CPU.ActiveCfg = Debug|Any CPU
		{3AFE2BAF-EABE-4F89-9B80-327126885396}.Debug|Any CPU.Build.0 = Debug|Any CPU
		{3AFE2BAF-EABE-4F89-9B80-327126885396}.Release|Any CPU.ActiveCfg = Release|Any CPU
		{3AFE2BAF-EABE-4F89-9B80-327126885396}.Release|Any CPU.Build.0 = Release|Any CPU
		{4D9E57B8-4FE8-4F0F-8E67-BD7B048BF1C6}.Debug|Any CPU.ActiveCfg = Debug|Any CPU
		{4D9E57B8-4FE8-4F0F-8E67-BD7B048BF1C6}.Debug|Any CPU.Build.0 = Debug|Any CPU
		{4D9E57B8-4FE8-4F0F-8E67-BD7B048BF1C6}.Release|Any CPU.ActiveCfg = Release|Any CPU
		{4D9E57B8-4FE8-4F0F-8E67-BD7B048BF1C6}.Release|Any CPU.Build.0 = Release|Any CPU
	EndGlobalSection
EndGlobal
